PODS:
  - FBSnapshotTestCase (2.1.4):
    - FBSnapshotTestCase/SwiftSupport (= 2.1.4)
  - FBSnapshotTestCase/Core (2.1.4)
  - FBSnapshotTestCase/SwiftSupport (2.1.4):
    - FBSnapshotTestCase/Core
  - NFAFile (0.1.1)
  - NFATipsUI (0.0.9):
    - NFAToolkit
  - NFAToolkit (0.1.3)
  - Nimble (7.3.4)
  - Nimble-Snapshots (6.3.0):
    - Nimble-Snapshots/Core (= 6.3.0)
  - Nimble-Snapshots/Core (6.3.0):
    - FBSnapshotTestCase (~> 2.0)
    - Nimble (~> 7.0)
  - Quick (1.2.0)
  - SwiftProjects (0.0.22):
    - NFAFile
    - NFATipsUI
    - NFAToolkit

DEPENDENCIES:
  - FBSnapshotTestCase (~> 2.1.4)
  - NFAFile
  - NFATipsUI
  - NFAToolkit
  - Nimble (~> 7.0)
  - Nimble-Snapshots (~> 6.3.0)
  - Quick (~> 1.2.0)
  - SwiftProjects (from `../`)

SPEC REPOS:
  https://github.com/CocoaPods/Specs.git:
    - FBSnapshotTestCase
    - NFAFile
    - NFATipsUI
    - NFAToolkit
    - Nimble
    - Nimble-Snapshots
    - Quick

EXTERNAL SOURCES:
  SwiftProjects:
    :path: "../"

SPEC CHECKSUMS:
  FBSnapshotTestCase: 094f9f314decbabe373b87cc339bea235a63e07a
  NFAFile: 780e49c1db036e6bb400d3caba36d11b948d6766
  NFATipsUI: 99c25cb52c810ccdba9afee64bebdba6793bdc34
  NFAToolkit: 4e64a4bda98fdd1ecca4cf80863848f2d750cee1
  Nimble: 051e3d8912d40138fa5591c78594f95fb172af37
  Nimble-Snapshots: f5459b5b091678dc942d03ec4741cacb58ba4a52
  Quick: 58d203b1c5e27fff7229c4c1ae445ad7069a7a08
  SwiftProjects: 14c6e9ca25aa9fa31fab272c2b2176431e8be519

PODFILE CHECKSUM: 25e248733be72a4a9e3eeb72ea09ee0f1abebead

COCOAPODS: 1.10.0
